
Microsoft Visual Studio Solution File, Format Version 12.00
# Visual Studio Version 16
VisualStudioVersion = 16.0.30907.101
MinimumVisualStudioVersion = 10.0.40219.1
Project("{9A19103F-16F7-4668-BE54-9A1E7A4F7556}") = "WeatherForecaster", "WeatherForecaster.csproj", "{EE40BC6B-4AFC-4B9D-8B92-7C447475B361}"
EndProject
Global
	GlobalSection(SolutionConfigurationPlatforms) = preSolution
		Debug|Any CPU = Debug|Any CPU
		Release|Any CPU = Release|Any CPU
	EndGlobalSection
	GlobalSection(ProjectConfigurationPlatforms) = postSolution
		{EE40BC6B-4AFC-4B9D-8B92-7C447475B361}.Debug|Any CPU.ActiveCfg = Debug|Any CPU
		{EE40BC6B-4AFC-4B9D-8B92-7C447475B361}.Debug|Any CPU.Build.0 = Debug|Any CPU
		{EE40BC6B-4AFC-4B9D-8B92-7C447475B361}.Release|Any CPU.ActiveCfg = Release|Any CPU
		{EE40BC6B-4AFC-4B9D-8B92-7C447475B361}.Release|Any CPU.Build.0 = Release|Any CPU
	EndGlobalSection
	GlobalSection(SolutionProperties) = preSolution
		HideSolutionNode = FALSE
	EndGlobalSection
	GlobalSection(ExtensibilityGlobals) = postSolution
		SolutionGuid = {1116E6A7-6A23-4C94-B6D8-2C183CE490D2}
	EndGlobalSection
EndGlobal
